
Microsoft Visual Studio Solution File, Format Version 12.00
# Visual Studio 2013
VisualStudioVersion = 12.0.30501.0
MinimumVisualStudioVersion = 10.0.40219.1
Project("{8BC9CEB8-8B4A-11D0-8D11-00A0C91BC942}") = "Barra_leds", "Barra_leds.vcxproj", "{D4F89668-166D-4F6F-B9F3-8B3DC4073FEA}"
EndProject
Project("{8BC9CEB8-8B4A-11D0-8D11-00A0C91BC942}") = "Blink", "..\..\My Examples\Blink\Blink.vcxproj", "{80C1E714-4D02-4641-B819-C93C2C684483}"
EndProject
Global
	GlobalSection(SolutionConfigurationPlatforms) = preSolution
		Debug|Win32 = Debug|Win32
		Release|Win32 = Release|Win32
	EndGlobalSection
	GlobalSection(ProjectConfigurationPlatforms) = postSolution
		{D4F89668-166D-4F6F-B9F3-8B3DC4073FEA}.Debug|Win32.ActiveCfg = Debug|Win32
		{D4F89668-166D-4F6F-B9F3-8B3DC4073FEA}.Debug|Win32.Build.0 = Debug|Win32
		{D4F89668-166D-4F6F-B9F3-8B3DC4073FEA}.Release|Win32.ActiveCfg = Release|Win32
		{D4F89668-166D-4F6F-B9F3-8B3DC4073FEA}.Release|Win32.Build.0 = Release|Win32
		{80C1E714-4D02-4641-B819-C93C2C684483}.Debug|Win32.ActiveCfg = Debug|Win32
		{80C1E714-4D02-4641-B819-C93C2C684483}.Debug|Win32.Build.0 = Debug|Win32
		{80C1E714-4D02-4641-B819-C93C2C684483}.Release|Win32.ActiveCfg = Release|Win32
		{80C1E714-4D02-4641-B819-C93C2C684483}.Release|Win32.Build.0 = Release|Win32
	EndGlobalSection
	GlobalSection(SolutionProperties) = preSolution
		HideSolutionNode = FALSE
	EndGlobalSection
EndGlobal
